<?xml version="1.0" encoding="utf-8"?>
<Project ToolsVersion="4.0" xmlns="http://schemas.microsoft.com/developer/msbuild/2003">
  <ItemGroup>
    <Filter Include="源文件">
      <UniqueIdentifier>{4FC737F1-C7A5-4376-A066-2A32D752A2FF}</UniqueIdentifier>
      <Extensions>cpp;c;cc;cxx;def;odl;idl;hpj;bat;asm;asmx</Extensions>
    </Filter>
    <Filter Include="头文件">
      <UniqueIdentifier>{93995380-89BD-4b04-88EB-625FBE52EBFB}</UniqueIdentifier>
      <Extensions>h;hh;hpp;hxx;hm;inl;inc;xsd</Extensions>
    </Filter>
    <Filter Include="头文件\BHR7P1_Run_Team">
      <UniqueIdentifier>{6c98447d-4922-46cb-9f22-c798f190f928}</UniqueIdentifier>
    </Filter>
    <Filter Include="源文件\BHR7P1_Run_Team">
      <UniqueIdentifier>{7321cf02-375c-4db8-bf5e-ac7bc0abd00f}</UniqueIdentifier>
    </Filter>
    <Filter Include="头文件\BHR7P1_Run_Team\lib">
      <UniqueIdentifier>{cb2c224d-de9e-4cb3-8c43-e9d602e03e40}</UniqueIdentifier>
    </Filter>
    <Filter Include="源文件\BHR7P1_Run_Team\lib">
      <UniqueIdentifier>{e9cdc573-2f8b-4e9c-8bfc-4e96056a43a1}</UniqueIdentifier>
    </Filter>
    <Filter Include="头文件\BHR7P1_Run_Team\lib\Dcc_lib">
      <UniqueIdentifier>{321c4f9b-89cb-466d-b493-f0e32eda4916}</UniqueIdentifier>
    </Filter>
    <Filter Include="头文件\BHR7P1_Run_Team\lib\lee_control_lib">
      <UniqueIdentifier>{db2f31a7-61ef-4b10-9b14-9a20226b26b3}</UniqueIdentifier>
    </Filter>
    <Filter Include="源文件\BHR7P1_Run_Team\lib\Dcc_lib">
      <UniqueIdentifier>{3e3e701a-461d-478f-b84d-ba82119e157a}</UniqueIdentifier>
    </Filter>
    <Filter Include="源文件\BHR7P1_Run_Team\lib\lee_control_lib">
      <UniqueIdentifier>{2a9552f1-a4db-4267-8790-b6f489c39f57}</UniqueIdentifier>
    </Filter>
    <Filter Include="头文件\RunTeamLib">
      <UniqueIdentifier>{9a2ff82b-5881-4a44-916a-7fed96888b96}</UniqueIdentifier>
    </Filter>
    <Filter Include="源文件\RunTeamLib">
      <UniqueIdentifier>{573a4366-a47f-4b97-8ccc-b885374c8650}</UniqueIdentifier>
    </Filter>
    <Filter Include="头文件\SimulationLib">
      <UniqueIdentifier>{fdd9da71-e7e7-497d-8a3b-1ed724b14935}</UniqueIdentifier>
    </Filter>
    <Filter Include="源文件\SimulationLib">
      <UniqueIdentifier>{9a38c8f1-bb04-477e-ba1f-9a82507a90c9}</UniqueIdentifier>
    </Filter>
    <Filter Include="源文件\SimulationLib\Mujocolib">
      <UniqueIdentifier>{be221f20-d6e7-4eda-8420-53ceeb234910}</UniqueIdentifier>
    </Filter>
    <Filter Include="源文件\SimulationLib\CRemotelib">
      <UniqueIdentifier>{bc553aa2-04a2-4258-ada4-26bafe7010a5}</UniqueIdentifier>
    </Filter>
  </ItemGroup>
  <ItemGroup>
    <ClInclude Include="BHR7P1_Run_Team_V3.0\control.h">
      <Filter>头文件\BHR7P1_Run_Team</Filter>
    </ClInclude>
    <ClInclude Include="BHR7P1_Run_Team_V3.0\lib\Dcc_lib\dcc_con_base.h">
      <Filter>头文件\BHR7P1_Run_Team\lib\Dcc_lib</Filter>
    </ClInclude>
    <ClInclude Include="BHR7P1_Run_Team_V3.0\lib\Dcc_lib\dcc_Mat.h">
      <Filter>头文件\BHR7P1_Run_Team\lib\Dcc_lib</Filter>
    </ClInclude>
    <ClInclude Include="BHR7P1_Run_Team_V3.0\lib\lee_control_lib\DCMWalkingUpdate.h">
      <Filter>头文件\BHR7P1_Run_Team\lib\lee_control_lib</Filter>
    </ClInclude>
    <ClInclude Include="BHR7P1_Run_Team_V3.0\lib\lee_control_lib\leeMatrix.h">
      <Filter>头文件\BHR7P1_Run_Team\lib\lee_control_lib</Filter>
    </ClInclude>
    <ClInclude Include="BHR7P1_Run_Team_V3.0\lib\lee_control_lib\leeOnLineDCMWalking.h">
      <Filter>头文件\BHR7P1_Run_Team\lib\lee_control_lib</Filter>
    </ClInclude>
    <ClInclude Include="BHR7P1_Run_Team_V3.0\lib\lee_control_lib\leeRobotConfig.h">
      <Filter>头文件\BHR7P1_Run_Team\lib\lee_control_lib</Filter>
    </ClInclude>
    <ClInclude Include="BHR7P1_Run_Team_V3.0\lib\lee_control_lib\leeRobotPlan.h">
      <Filter>头文件\BHR7P1_Run_Team\lib\lee_control_lib</Filter>
    </ClInclude>
    <ClInclude Include="BHR7P1_Run_Team_V3.0\lib\lee_control_lib\leeRobotTool.h">
      <Filter>头文件\BHR7P1_Run_Team\lib\lee_control_lib</Filter>
    </ClInclude>
    <ClInclude Include="BHR7P1_Run_Team_V3.0\lib\lee_control_lib\leeSRMotion.h">
      <Filter>头文件\BHR7P1_Run_Team\lib\lee_control_lib</Filter>
    </ClInclude>
    <ClInclude Include="BHR7P1_Run_Team_V3.0\lib\BHR7_diff_inv.h">
      <Filter>头文件\BHR7P1_Run_Team\lib</Filter>
    </ClInclude>
    <ClInclude Include="BHR7P1_Run_Team_V3.0\lib\chz_ankle.h">
      <Filter>头文件\BHR7P1_Run_Team\lib</Filter>
    </ClInclude>
    <ClInclude Include="BHR7P1_Run_Team_V3.0\lib\chz_joints.h">
      <Filter>头文件\BHR7P1_Run_Team\lib</Filter>
    </ClInclude>
    <ClInclude Include="BHR7P1_Run_Team_V3.0\lib\ChzCpp2C.h">
      <Filter>头文件\BHR7P1_Run_Team\lib</Filter>
    </ClInclude>
    <ClInclude Include="BHR7P1_Run_Team_V3.0\lib\chzrun_com.h">
      <Filter>头文件\BHR7P1_Run_Team\lib</Filter>
    </ClInclude>
    <ClInclude Include="BHR7P1_Run_Team_V3.0\lib\chzrun_foot.h">
      <Filter>头文件\BHR7P1_Run_Team\lib</Filter>
    </ClInclude>
    <ClInclude Include="BHR7P1_Run_Team_V3.0\lib\chzrun_MF.h">
      <Filter>头文件\BHR7P1_Run_Team\lib</Filter>
    </ClInclude>
    <ClInclude Include="BHR7P1_Run_Team_V3.0\lib\chzrun_MFsd.h">
      <Filter>头文件\BHR7P1_Run_Team\lib</Filter>
    </ClInclude>
    <ClInclude Include="BHR7P1_Run_Team_V3.0\lib\chzrun_signal.h">
      <Filter>头文件\BHR7P1_Run_Team\lib</Filter>
    </ClInclude>
    <ClInclude Include="BHR7P1_Run_Team_V3.0\lib\CoM_Stabilizer.h">
      <Filter>头文件\BHR7P1_Run_Team\lib</Filter>
    </ClInclude>
    <ClInclude Include="BHR7P1_Run_Team_V3.0\lib\DCC_filters.h">
      <Filter>头文件\BHR7P1_Run_Team\lib</Filter>
    </ClInclude>
    <ClInclude Include="BHR7P1_Run_Team_V3.0\lib\DCC_motion.h">
      <Filter>头文件\BHR7P1_Run_Team\lib</Filter>
    </ClInclude>
    <ClInclude Include="BHR7P1_Run_Team_V3.0\lib\DCC_Run_ReadConfig.h">
      <Filter>头文件\BHR7P1_Run_Team\lib</Filter>
    </ClInclude>
    <ClInclude Include="BHR7P1_Run_Team_V3.0\lib\DCC_RunCon.h">
      <Filter>头文件\BHR7P1_Run_Team\lib</Filter>
    </ClInclude>
    <ClInclude Include="BHR7P1_Run_Team_V3.0\lib\DemoControl.h">
      <Filter>头文件\BHR7P1_Run_Team\lib</Filter>
    </ClInclude>
    <ClInclude Include="BHR7P1_Run_Team_V3.0\lib\eigen_pack.h">
      <Filter>头文件\BHR7P1_Run_Team\lib</Filter>
    </ClInclude>
    <ClInclude Include="BHR7P1_Run_Team_V3.0\lib\Gp.h">
      <Filter>头文件\BHR7P1_Run_Team\lib</Filter>
    </ClInclude>
    <ClInclude Include="BHR7P1_Run_Team_V3.0\lib\leeCpp2C.h">
      <Filter>头文件\BHR7P1_Run_Team\lib</Filter>
    </ClInclude>
    <ClInclude Include="BHR7P1_Run_Team_V3.0\lib\leeLegLengthControl.h">
      <Filter>头文件\BHR7P1_Run_Team\lib</Filter>
    </ClInclude>
    <ClInclude Include="BHR7P1_Run_Team_V3.0\lib\Mat_Out_1_01.h">
      <Filter>头文件\BHR7P1_Run_Team\lib</Filter>
    </ClInclude>
    <ClInclude Include="BHR7P1_Run_Team_V3.0\lib\micro.h">
      <Filter>头文件\BHR7P1_Run_Team\lib</Filter>
    </ClInclude>
    <ClInclude Include="BHR7P1_Run_Team_V3.0\lib\QP_balance.h">
      <Filter>头文件\BHR7P1_Run_Team\lib</Filter>
    </ClInclude>
    <ClInclude Include="BHR7P1_Run_Team_V3.0\lib\Resistant_Compliance.h">
      <Filter>头文件\BHR7P1_Run_Team\lib</Filter>
    </ClInclude>
    <ClInclude Include="BHR7P1_Run_Team_V3.0\lib\Tra_Generate.h">
      <Filter>头文件\BHR7P1_Run_Team\lib</Filter>
    </ClInclude>
    <ClInclude Include="BHR7P1_Run_Team_V3.0\lib\Uneven_Trailblazer.h">
      <Filter>头文件\BHR7P1_Run_Team\lib</Filter>
    </ClInclude>
    <ClInclude Include="BHR7P1_Run_Team_V3.0\lib\Dcc_lib\DCC_Protection.h">
      <Filter>头文件\BHR7P1_Run_Team\lib\Dcc_lib</Filter>
    </ClInclude>
    <ClInclude Include="BHR7P1_Run_Team_V3.0\lib\Dcc_lib\DCC_ConFrame.h">
      <Filter>头文件\BHR7P1_Run_Team\lib\Dcc_lib</Filter>
    </ClInclude>
    <ClInclude Include="BHR7P1_Run_Team_V3.0\lib\Dcc_lib\DCC_RunningCon.h">
      <Filter>头文件\BHR7P1_Run_Team\lib\Dcc_lib</Filter>
    </ClInclude>
  </ItemGroup>
  <ItemGroup>
    <ClCompile Include="BHR7P1_Run_Team_V3.0\lib\lee_control_lib\DCMWalkingUpdate.c">
      <Filter>源文件\BHR7P1_Run_Team\lib\lee_control_lib</Filter>
    </ClCompile>
    <ClCompile Include="BHR7P1_Run_Team_V3.0\lib\lee_control_lib\leeMatrix.c">
      <Filter>源文件\BHR7P1_Run_Team\lib\lee_control_lib</Filter>
    </ClCompile>
    <ClCompile Include="BHR7P1_Run_Team_V3.0\lib\lee_control_lib\leeOnLineDCMWalking.c">
      <Filter>源文件\BHR7P1_Run_Team\lib\lee_control_lib</Filter>
    </ClCompile>
    <ClCompile Include="BHR7P1_Run_Team_V3.0\lib\lee_control_lib\leeRobotPlan.c">
      <Filter>源文件\BHR7P1_Run_Team\lib\lee_control_lib</Filter>
    </ClCompile>
    <ClCompile Include="BHR7P1_Run_Team_V3.0\lib\lee_control_lib\leeRobotTool.c">
      <Filter>源文件\BHR7P1_Run_Team\lib\lee_control_lib</Filter>
    </ClCompile>
    <ClCompile Include="BHR7P1_Run_Team_V3.0\lib\lee_control_lib\leeSRMotion.c">
      <Filter>源文件\BHR7P1_Run_Team\lib\lee_control_lib</Filter>
    </ClCompile>
    <ClCompile Include="BHR7P1_Run_Team_V3.0\lib\BHR7_diff_inv.c">
      <Filter>源文件\BHR7P1_Run_Team\lib</Filter>
    </ClCompile>
    <ClCompile Include="BHR7P1_Run_Team_V3.0\lib\ChzCpp2C.cpp">
      <Filter>源文件\BHR7P1_Run_Team\lib</Filter>
    </ClCompile>
    <ClCompile Include="BHR7P1_Run_Team_V3.0\lib\CoM_Stabilizer.c">
      <Filter>源文件\BHR7P1_Run_Team\lib</Filter>
    </ClCompile>
    <ClCompile Include="BHR7P1_Run_Team_V3.0\lib\DCC_filters.c">
      <Filter>源文件\BHR7P1_Run_Team\lib</Filter>
    </ClCompile>
    <ClCompile Include="BHR7P1_Run_Team_V3.0\lib\DCC_motion.c">
      <Filter>源文件\BHR7P1_Run_Team\lib</Filter>
    </ClCompile>
    <ClCompile Include="BHR7P1_Run_Team_V3.0\lib\DCC_Run_ReadConfig.cpp">
      <Filter>源文件\BHR7P1_Run_Team\lib</Filter>
    </ClCompile>
    <ClCompile Include="BHR7P1_Run_Team_V3.0\lib\DCC_RunCon.c">
      <Filter>源文件\BHR7P1_Run_Team\lib</Filter>
    </ClCompile>
    <ClCompile Include="BHR7P1_Run_Team_V3.0\lib\DemoControl.c">
      <Filter>源文件\BHR7P1_Run_Team\lib</Filter>
    </ClCompile>
    <ClCompile Include="BHR7P1_Run_Team_V3.0\lib\leeCpp2C.cpp">
      <Filter>源文件\BHR7P1_Run_Team\lib</Filter>
    </ClCompile>
    <ClCompile Include="BHR7P1_Run_Team_V3.0\lib\leeLegLengthControl.cpp">
      <Filter>源文件\BHR7P1_Run_Team\lib</Filter>
    </ClCompile>
    <ClCompile Include="BHR7P1_Run_Team_V3.0\lib\QP_balance.c">
      <Filter>源文件\BHR7P1_Run_Team\lib</Filter>
    </ClCompile>
    <ClCompile Include="BHR7P1_Run_Team_V3.0\lib\Resistant_Compliance.c">
      <Filter>源文件\BHR7P1_Run_Team\lib</Filter>
    </ClCompile>
    <ClCompile Include="BHR7P1_Run_Team_V3.0\lib\Tra_Generate.c">
      <Filter>源文件\BHR7P1_Run_Team\lib</Filter>
    </ClCompile>
    <ClCompile Include="BHR7P1_Run_Team_V3.0\lib\Uneven_Trailblazer.c">
      <Filter>源文件\BHR7P1_Run_Team\lib</Filter>
    </ClCompile>
    <ClCompile Include="BHR7P1_Run_Team_V3.0\lib\Dcc_lib\DCC_Protection.c">
      <Filter>源文件\BHR7P1_Run_Team\lib\Dcc_lib</Filter>
    </ClCompile>
    <ClCompile Include="BHR7P1_Run_Team_V3.0\lib\Dcc_lib\Ctlr\DCC_RunningCon.c">
      <Filter>源文件\BHR7P1_Run_Team\lib\Dcc_lib</Filter>
    </ClCompile>
    <ClCompile Include="BHR7P1_Run_Team_V3.0\lib\Dcc_lib\Base\dcc_con_base.c">
      <Filter>源文件\BHR7P1_Run_Team\lib\Dcc_lib</Filter>
    </ClCompile>
    <ClCompile Include="BHR7P1_Run_Team_V3.0\lib\Dcc_lib\Base\dcc_Mat.c">
      <Filter>源文件\BHR7P1_Run_Team\lib\Dcc_lib</Filter>
    </ClCompile>
    <ClCompile Include="BHR7P1_Run_Team_V3.0\lib\Dcc_lib\Ctlr\DCC_ConFrame.c">
      <Filter>源文件\BHR7P1_Run_Team\lib\Dcc_lib</Filter>
    </ClCompile>
    <ClCompile Include="BHR7P1_Run_Team_V3.0\lib\Dcc_lib\Base\dcc_FuzzyCon.c">
      <Filter>源文件\BHR7P1_Run_Team\lib\Dcc_lib</Filter>
    </ClCompile>
    <ClCompile Include="BHR7P1_Run_Team_V3.0\lib\Dcc_lib\PG\DCC_PGFrame.c">
      <Filter>源文件\BHR7P1_Run_Team\lib\Dcc_lib</Filter>
    </ClCompile>
    <ClCompile Include="BHR7P1_Run_Team_V3.0\lib\Dcc_lib\PG\MPC_unconstrained_coder_forPG\PGMPC.c">
      <Filter>源文件\BHR7P1_Run_Team\lib\Dcc_lib</Filter>
    </ClCompile>
    <ClCompile Include="BHR7P1_Run_Team_V3.0\lib\Dcc_lib\Base\dcc_get_key.c">
      <Filter>源文件\BHR7P1_Run_Team\lib\Dcc_lib</Filter>
    </ClCompile>
    <ClCompile Include="BHR7P1_Run_Team_V3.0\lib\Dcc_lib\PG\DCC_FreeWalk.c">
      <Filter>源文件\BHR7P1_Run_Team\lib\Dcc_lib</Filter>
    </ClCompile>
    <ClCompile Include="SimulationLib\Crep_DataExchange.c">
      <Filter>源文件\SimulationLib</Filter>
    </ClCompile>
    <ClCompile Include="SimulationLib\DataOnRobot.c">
      <Filter>源文件\SimulationLib</Filter>
    </ClCompile>
    <ClCompile Include="SimulationLib\Mj_DataExchange.c">
      <Filter>源文件\SimulationLib</Filter>
    </ClCompile>
    <ClCompile Include="SimulationLib\Mujocolib\MujocoBHR_api.cpp">
      <Filter>源文件\SimulationLib\Mujocolib</Filter>
    </ClCompile>
    <ClCompile Include="SimulationLib\CRemotelib\remote_api.cpp">
      <Filter>源文件\SimulationLib\CRemotelib</Filter>
    </ClCompile>
    <ClCompile Include="BHR7P2RobSim.cpp">
      <Filter>源文件</Filter>
    </ClCompile>
  </ItemGroup>
</Project>