<?xml version="1.0" encoding="utf-8"?>
<Project ToolsVersion="4.0" xmlns="http://schemas.microsoft.com/developer/msbuild/2003">
  <ItemGroup>
    <Filter Include="源文件">
      <UniqueIdentifier>{4FC737F1-C7A5-4376-A066-2A32D752A2FF}</UniqueIdentifier>
      <Extensions>cpp;c;cc;cxx;def;odl;idl;hpj;bat;asm;asmx</Extensions>
    </Filter>
    <Filter Include="头文件">
      <UniqueIdentifier>{93995380-89BD-4b04-88EB-625FBE52EBFB}</UniqueIdentifier>
      <Extensions>h;hh;hpp;hxx;hm;inl;inc;xsd</Extensions>
    </Filter>
    <Filter Include="资源文件">
      <UniqueIdentifier>{67DA6AB6-F800-4c08-8B7A-83BB121AAD01}</UniqueIdentifier>
      <Extensions>rc;ico;cur;bmp;dlg;rc2;rct;bin;rgs;gif;jpg;jpeg;jpe;resx;tiff;tif;png;wav;mfcribbon-ms</Extensions>
    </Filter>
  </ItemGroup>
  <ItemGroup>
    <ClInclude Include="..\Chz_Base.h">
      <Filter>头文件</Filter>
    </ClInclude>
    <ClInclude Include="..\Chz_Calculator.h">
      <Filter>头文件</Filter>
    </ClInclude>
    <ClInclude Include="..\Chz_Eigen.h">
      <Filter>头文件</Filter>
    </ClInclude>
    <ClInclude Include="..\Chz_Filter.h">
      <Filter>头文件</Filter>
    </ClInclude>
    <ClInclude Include="..\Chz_FootDown.h">
      <Filter>头文件</Filter>
    </ClInclude>
    <ClInclude Include="..\Chz_Footstep.h">
      <Filter>头文件</Filter>
    </ClInclude>
    <ClInclude Include="..\Chz_Include.h">
      <Filter>头文件</Filter>
    </ClInclude>
    <ClInclude Include="..\Chz_Kinematics.h">
      <Filter>头文件</Filter>
    </ClInclude>
    <ClInclude Include="..\Chz_LandingForce.h">
      <Filter>头文件</Filter>
    </ClInclude>
    <ClInclude Include="..\Chz_LowLevelFootStep.h">
      <Filter>头文件</Filter>
    </ClInclude>
    <ClInclude Include="..\Chz_PerspectiveMapping.h">
      <Filter>头文件</Filter>
    </ClInclude>
    <ClInclude Include="..\Chz_RobotParam.h">
      <Filter>头文件</Filter>
    </ClInclude>
    <ClInclude Include="..\Chz_Spline.h">
      <Filter>头文件</Filter>
    </ClInclude>
    <ClInclude Include="..\Chz_SwingFootControl.h">
      <Filter>头文件</Filter>
    </ClInclude>
    <ClInclude Include="..\Chz_WaistComp.h">
      <Filter>头文件</Filter>
    </ClInclude>
  </ItemGroup>
  <ItemGroup>
    <ClCompile Include="..\Chz_Base.cpp">
      <Filter>源文件</Filter>
    </ClCompile>
    <ClCompile Include="..\Chz_Calculator.cpp">
      <Filter>源文件</Filter>
    </ClCompile>
    <ClCompile Include="..\Chz_Eigen.cpp">
      <Filter>源文件</Filter>
    </ClCompile>
    <ClCompile Include="..\Chz_Filter.cpp">
      <Filter>源文件</Filter>
    </ClCompile>
    <ClCompile Include="..\Chz_FootDown.cpp">
      <Filter>源文件</Filter>
    </ClCompile>
    <ClCompile Include="..\Chz_Footstep.cpp">
      <Filter>源文件</Filter>
    </ClCompile>
    <ClCompile Include="..\Chz_Include.cpp">
      <Filter>源文件</Filter>
    </ClCompile>
    <ClCompile Include="..\Chz_Kinematics.cpp">
      <Filter>源文件</Filter>
    </ClCompile>
    <ClCompile Include="..\Chz_LandingForce.cpp">
      <Filter>源文件</Filter>
    </ClCompile>
    <ClCompile Include="..\Chz_LowLevelFootStep.cpp">
      <Filter>源文件</Filter>
    </ClCompile>
    <ClCompile Include="..\Chz_PerspectiveMapping.cpp">
      <Filter>源文件</Filter>
    </ClCompile>
    <ClCompile Include="..\Chz_RobotParam.cpp">
      <Filter>源文件</Filter>
    </ClCompile>
    <ClCompile Include="..\Chz_Spline.cpp">
      <Filter>源文件</Filter>
    </ClCompile>
    <ClCompile Include="..\Chz_SwingFootControl.cpp">
      <Filter>源文件</Filter>
    </ClCompile>
    <ClCompile Include="..\Chz_WaistComp.cpp">
      <Filter>源文件</Filter>
    </ClCompile>
  </ItemGroup>
</Project>